
Microsoft Visual Studio Solution File, Format Version 12.00
# Visual Studio Version 16
VisualStudioVersion = 16.0.31410.357
MinimumVisualStudioVersion = 10.0.40219.1
Project("{FAE04EC0-301F-11D3-BF4B-00C04F79EFBC}") = "C-Sharp_Ip_port_control", "C-Sharp_Ip_port_control\C-Sharp_Ip_port_control.csproj", "{F5F38B4E-20DE-44A4-8E3E-F9FABE854511}"
EndProject
Global
	GlobalSection(SolutionConfigurationPlatforms) = preSolution
		Debug|Any CPU = Debug|Any CPU
		Release|Any CPU = Release|Any CPU
	EndGlobalSection
	GlobalSection(ProjectConfigurationPlatforms) = postSolution
		{F5F38B4E-20DE-44A4-8E3E-F9FABE854511}.Debug|Any CPU.ActiveCfg = Debug|Any CPU
		{F5F38B4E-20DE-44A4-8E3E-F9FABE854511}.Debug|Any CPU.Build.0 = Debug|Any CPU
		{F5F38B4E-20DE-44A4-8E3E-F9FABE854511}.Release|Any CPU.ActiveCfg = Release|Any CPU
		{F5F38B4E-20DE-44A4-8E3E-F9FABE854511}.Release|Any CPU.Build.0 = Release|Any CPU
	EndGlobalSection
	GlobalSection(SolutionProperties) = preSolution
		HideSolutionNode = FALSE
	EndGlobalSection
	GlobalSection(ExtensibilityGlobals) = postSolution
		SolutionGuid = {1A1EA92E-4C0F-4AD1-AB0E-4ED747F2B9C5}
	EndGlobalSection
EndGlobal
